// !$*UTF8*$!
{
	archiveVersion = 1;
	classes = {
	};
	objectVersion = 48;
	objects = {

/* Begin PBXBuildFile section */
		708DA1801F876CAA00ABB311 /* AppDelegate.m in Sources */ = {isa = PBXBuildFile; fileRef = 708DA17F1F876CAA00ABB311 /* AppDelegate.m */; };
		708DA1861F876CAA00ABB311 /* Main.storyboard in Resources */ = {isa = PBXBuildFile; fileRef = 708DA1841F876CAA00ABB311 /* Main.storyboard */; };
		708DA1881F876CAA00ABB311 /* Assets.xcassets in Resources */ = {isa = PBXBuildFile; fileRef = 708DA1871F876CAA00ABB311 /* Assets.xcassets */; };
		708DA18B1F876CAA00ABB311 /* LaunchScreen.storyboard in Resources */ = {isa = PBXBuildFile; fileRef = 708DA1891F876CAA00ABB311 /* LaunchScreen.storyboard */; };
		708DA18E1F876CAA00ABB311 /* main.m in Sources */ = {isa = PBXBuildFile; fileRef = 708DA18D1F876CAA00ABB311 /* main.m */; };
		708DA19A1F87BBE800ABB311 /* MainViewController.m in Sources */ = {isa = PBXBuildFile; fileRef = 708DA1991F87BBE800ABB311 /* MainViewController.m */; };
		708DA1A61F87C80E00ABB311 /* ReusableOTPView.m in Sources */ = {isa = PBXBuildFile; fileRef = 708DA1A41F87C80E00ABB311 /* ReusableOTPView.m */; };
		708DA1A71F87C80E00ABB311 /* ReusableOTPView.xib in Resources */ = {isa = PBXBuildFile; fileRef = 708DA1A51F87C80E00ABB311 /* ReusableOTPView.xib */; };
/* End PBXBuildFile section */

/* Begin PBXFileReference section */
		708DA17B1F876CAA00ABB311 /* ReusableSeparatedTextFields-ObjectiveC.app */ = {isa = PBXFileReference; explicitFileType = wrapper.application; includeInIndex = 0; path = "ReusableSeparatedTextFields-ObjectiveC.app"; sourceTree = BUILT_PRODUCTS_DIR; };
		708DA17E1F876CAA00ABB311 /* AppDelegate.h */ = {isa = PBXFileReference; lastKnownFileType = sourcecode.c.h; path = AppDelegate.h; sourceTree = "<group>"; };
		708DA17F1F876CAA00ABB311 /* AppDelegate.m */ = {isa = PBXFileReference; lastKnownFileType = sourcecode.c.objc; path = AppDelegate.m; sourceTree = "<group>"; };
		708DA1851F876CAA00ABB311 /* Base */ = {isa = PBXFileReference; lastKnownFileType = file.storyboard; name = Base; path = Base.lproj/Main.storyboard; sourceTree = "<group>"; };
		708DA1871F876CAA00ABB311 /* Assets.xcassets */ = {isa = PBXFileReference; lastKnownFileType = folder.assetcatalog; path = Assets.xcassets; sourceTree = "<group>"; };
		708DA18A1F876CAA00ABB311 /* Base */ = {isa = PBXFileReference; lastKnownFileType = file.storyboard; name = Base; path = Base.lproj/LaunchScreen.storyboard; sourceTree = "<group>"; };
		708DA18C1F876CAA00ABB311 /* Info.plist */ = {isa = PBXFileReference; lastKnownFileType = text.plist.xml; path = Info.plist; sourceTree = "<group>"; };
		708DA18D1F876CAA00ABB311 /* main.m */ = {isa = PBXFileReference; lastKnownFileType = sourcecode.c.objc; path = main.m; sourceTree = "<group>"; };
		708DA1981F87BBE800ABB311 /* MainViewController.h */ = {isa = PBXFileReference; lastKnownFileType = sourcecode.c.h; path = MainViewController.h; sourceTree = "<group>"; };
		708DA1991F87BBE800ABB311 /* MainViewController.m */ = {isa = PBXFileReference; lastKnownFileType = sourcecode.c.objc; path = MainViewController.m; sourceTree = "<group>"; };
		708DA1A01F87C20300ABB311 /* ReusableOTPView.h */ = {isa = PBXFileReference; lastKnownFileType = sourcecode.c.h; path = ReusableOTPView.h; sourceTree = "<group>"; };
		708DA1A41F87C80E00ABB311 /* ReusableOTPView.m */ = {isa = PBXFileReference; fileEncoding = 4; lastKnownFileType = sourcecode.c.objc; path = ReusableOTPView.m; sourceTree = "<group>"; };
		708DA1A51F87C80E00ABB311 /* ReusableOTPView.xib */ = {isa = PBXFileReference; fileEncoding = 4; lastKnownFileType = file.xib; path = ReusableOTPView.xib; sourceTree = "<group>"; };
/* End PBXFileReference section */

/* Begin PBXFrameworksBuildPhase section */
		708DA1781F876CAA00ABB311 /* Frameworks */ = {
			isa = PBXFrameworksBuildPhase;
			buildActionMask = 2147483647;
			files = (
			);
			runOnlyForDeploymentPostprocessing = 0;
		};
/* End PBXFrameworksBuildPhase section */

/* Begin PBXGroup section */
		708DA1721F876CAA00ABB311 = {
			isa = PBXGroup;
			children = (
				708DA17D1F876CAA00ABB311 /* ReusableSeparatedTextFields-ObjectiveC */,
				708DA17C1F876CAA00ABB311 /* Products */,
			);
			sourceTree = "<group>";
		};
		708DA17C1F876CAA00ABB311 /* Products */ = {
			isa = PBXGroup;
			children = (
				708DA17B1F876CAA00ABB311 /* ReusableSeparatedTextFields-ObjectiveC.app */,
			);
			name = Products;
			sourceTree = "<group>";
		};
		708DA17D1F876CAA00ABB311 /* ReusableSeparatedTextFields-ObjectiveC */ = {
			isa = PBXGroup;
			children = (
				708DA1A01F87C20300ABB311 /* ReusableOTPView.h */,
				708DA1A41F87C80E00ABB311 /* ReusableOTPView.m */,
				708DA1A51F87C80E00ABB311 /* ReusableOTPView.xib */,
				708DA17E1F876CAA00ABB311 /* AppDelegate.h */,
				708DA17F1F876CAA00ABB311 /* AppDelegate.m */,
				708DA1841F876CAA00ABB311 /* Main.storyboard */,
				708DA1871F876CAA00ABB311 /* Assets.xcassets */,
				708DA1891F876CAA00ABB311 /* LaunchScreen.storyboard */,
				708DA18C1F876CAA00ABB311 /* Info.plist */,
				708DA18D1F876CAA00ABB311 /* main.m */,
				708DA1981F87BBE800ABB311 /* MainViewController.h */,
				708DA1991F87BBE800ABB311 /* MainViewController.m */,
			);
			path = "ReusableSeparatedTextFields-ObjectiveC";
			sourceTree = "<group>";
		};
/* End PBXGroup section */

/* Begin PBXNativeTarget section */
		708DA17A1F876CAA00ABB311 /* ReusableSeparatedTextFields-ObjectiveC */ = {
			isa = PBXNativeTarget;
			buildConfigurationList = 708DA1911F876CAA00ABB311 /* Build configuration list for PBXNativeTarget "ReusableSeparatedTextFields-ObjectiveC" */;
			buildPhases = (
				708DA1771F876CAA00ABB311 /* Sources */,
				708DA1781F876CAA00ABB311 /* Frameworks */,
				708DA1791F876CAA00ABB311 /* Resources */,
			);
			buildRules = (
			);
			dependencies = (
			);
			name = "ReusableSeparatedTextFields-ObjectiveC";
			productName = "ReusableSeparatedTextFields-ObjectiveC";
			productReference = 708DA17B1F876CAA00ABB311 /* ReusableSeparatedTextFields-ObjectiveC.app */;
			productType = "com.apple.product-type.application";
		};
/* End PBXNativeTarget section */

/* Begin PBXProject section */
		708DA1731F876CAA00ABB311 /* Project object */ = {
			isa = PBXProject;
			attributes = {
				LastUpgradeCheck = 0900;
				ORGANIZATIONNAME = myOrganization;
				TargetAttributes = {
					708DA17A1F876CAA00ABB311 = {
						CreatedOnToolsVersion = 9.0;
						ProvisioningStyle = Automatic;
					};
				};
			};
			buildConfigurationList = 708DA1761F876CAA00ABB311 /* Build configuration list for PBXProject "ReusableSeparatedTextFields-ObjectiveC" */;
			compatibilityVersion = "Xcode 8.0";
			developmentRegion = en;
			hasScannedForEncodings = 0;
			knownRegions = (
				en,
				Base,
			);
			mainGroup = 708DA1721F876CAA00ABB311;
			productRefGroup = 708DA17C1F876CAA00ABB311 /* Products */;
			projectDirPath = "";
			projectRoot = "";
			targets = (
				708DA17A1F876CAA00ABB311 /* ReusableSeparatedTextFields-ObjectiveC */,
			);
		};
/* End PBXProject section */

/* Begin PBXResourcesBuildPhase section */
		708DA1791F876CAA00ABB311 /* Resources */ = {
			isa = PBXResourcesBuildPhase;
			buildActionMask = 2147483647;
			files = (
				708DA18B1F876CAA00ABB311 /* LaunchScreen.storyboard in Resources */,
				708DA1A71F87C80E00ABB311 /* ReusableOTPView.xib in Resources */,
				708DA1881F876CAA00ABB311 /* Assets.xcassets in Resources */,
				708DA1861F876CAA00ABB311 /* Main.storyboard in Resources */,
			);
			runOnlyForDeploymentPostprocessing = 0;
		};
/* End PBXResourcesBuildPhase section */

/* Begin PBXSourcesBuildPhase section */
		708DA1771F876CAA00ABB311 /* Sources */ = {
			isa = PBXSourcesBuildPhase;
			buildActionMask = 2147483647;
			files = (
				708DA18E1F876CAA00ABB311 /* main.m in Sources */,
				708DA1A61F87C80E00ABB311 /* ReusableOTPView.m in Sources */,
				708DA19A1F87BBE800ABB311 /* MainViewController.m in Sources */,
				708DA1801F876CAA00ABB311 /* AppDelegate.m in Sources */,
			);
			runOnlyForDeploymentPostprocessing = 0;
		};
/* End PBXSourcesBuildPhase section */

/* Begin PBXVariantGroup section */
		708DA1841F876CAA00ABB311 /* Main.storyboard */ = {
			isa = PBXVariantGroup;
			children = (
				708DA1851F876CAA00ABB311 /* Base */,
			);
			name = Main.storyboard;
			sourceTree = "<group>";
		};
		708DA1891F876CAA00ABB311 /* LaunchScreen.storyboard */ = {
			isa = PBXVariantGroup;
			children = (
				708DA18A1F876CAA00ABB311 /* Base */,
			);
			name = LaunchScreen.storyboard;
			sourceTree = "<group>";
		};
/* End PBXVariantGroup section */

/* Begin XCBuildConfiguration section */
		708DA18F1F876CAA00ABB311 /* Debug */ = {
			isa = XCBuildConfiguration;
			buildSettings = {
				ALWAYS_SEARCH_USER_PATHS = NO;
				CLANG_ANALYZER_NONNULL = YES;
				CLANG_ANALYZER_NUMBER_OBJECT_CONVERSION = YES_AGGRESSIVE;
				CLANG_CXX_LANGUAGE_STANDARD = "gnu++14";
				CLANG_CXX_LIBRARY = "libc++";
				CLANG_ENABLE_MODULES = YES;
				CLANG_ENABLE_OBJC_ARC = YES;
				CLANG_WARN_BLOCK_CAPTURE_AUTORELEASING = YES;
				CLANG_WARN_BOOL_CONVERSION = YES;
				CLANG_WARN_COMMA = YES;
				CLANG_WARN_CONSTANT_CONVERSION = YES;
				CLANG_WARN_DIRECT_OBJC_ISA_USAGE = YES_ERROR;
				CLANG_WARN_DOCUMENTATION_COMMENTS = YES;
				CLANG_WARN_EMPTY_BODY = YES;
				CLANG_WARN_ENUM_CONVERSION = YES;
				CLANG_WARN_INFINITE_RECURSION = YES;
				CLANG_WARN_INT_CONVERSION = YES;
				CLANG_WARN_NON_LITERAL_NULL_CONVERSION = YES;
				CLANG_WARN_OBJC_LITERAL_CONVERSION = YES;
				CLANG_WARN_OBJC_ROOT_CLASS = YES_ERROR;
				CLANG_WARN_RANGE_LOOP_ANALYSIS = YES;
				CLANG_WARN_STRICT_PROTOTYPES = YES;
				CLANG_WARN_SUSPICIOUS_MOVE = YES;
				CLANG_WARN_UNGUARDED_AVAILABILITY = YES_AGGRESSIVE;
				CLANG_WARN_UNREACHABLE_CODE = YES;
				CLANG_WARN__DUPLICATE_METHOD_MATCH = YES;
				CODE_SIGN_IDENTITY = "iPhone Developer";
				COPY_PHASE_STRIP = NO;
				DEBUG_INFORMATION_FORMAT = dwarf;
				ENABLE_STRICT_OBJC_MSGSEND = YES;
				ENABLE_TESTABILITY = YES;
				GCC_C_LANGUAGE_STANDARD = gnu11;
				GCC_DYNAMIC_NO_PIC = NO;
				GCC_NO_COMMON_BLOCKS = YES;
				GCC_OPTIMIZATION_LEVEL = 0;
				GCC_PREPROCESSOR_DEFINITIONS = (
					"DEBUG=1",
					"$(inherited)",
				);
				GCC_WARN_64_TO_32_BIT_CONVERSION = YES;
				GCC_WARN_ABOUT_RETURN_TYPE = YES_ERROR;
				GCC_WARN_UNDECLARED_SELECTOR = YES;
				GCC_WARN_UNINITIALIZED_AUTOS = YES_AGGRESSIVE;
				GCC_WARN_UNUSED_FUNCTION = YES;
				GCC_WARN_UNUSED_VARIABLE = YES;
				IPHONEOS_DEPLOYMENT_TARGET = 11.0;
				MTL_ENABLE_DEBUG_INFO = YES;
				ONLY_ACTIVE_ARCH = YES;
				SDKROOT = iphoneos;
			};
			name = Debug;
		};
		708DA1901F876CAA00ABB311 /* Release */ = {
			isa = XCBuildConfiguration;
			buildSettings = {
				ALWAYS_SEARCH_USER_PATHS = NO;
				CLANG_ANALYZER_NONNULL = YES;
				CLANG_ANALYZER_NUMBER_OBJECT_CONVERSION = YES_AGGRESSIVE;
				CLANG_CXX_LANGUAGE_STANDARD = "gnu++14";
				CLANG_CXX_LIBRARY = "libc++";
				CLANG_ENABLE_MODULES = YES;
				CLANG_ENABLE_OBJC_ARC = YES;
				CLANG_WARN_BLOCK_CAPTURE_AUTORELEASING = YES;
				CLANG_WARN_BOOL_CONVERSION = YES;
				CLANG_WARN_COMMA = YES;
				CLANG_WARN_CONSTANT_CONVERSION = YES;
				CLANG_WARN_DIRECT_OBJC_ISA_USAGE = YES_ERROR;
				CLANG_WARN_DOCUMENTATION_COMMENTS = YES;
				CLANG_WARN_EMPTY_BODY = YES;
				CLANG_WARN_ENUM_CONVERSION = YES;
				CLANG_WARN_INFINITE_RECURSION = YES;
				CLANG_WARN_INT_CONVERSION = YES;
				CLANG_WARN_NON_LITERAL_NULL_CONVERSION = YES;
				CLANG_WARN_OBJC_LITERAL_CONVERSION = YES;
				CLANG_WARN_OBJC_ROOT_CLASS = YES_ERROR;
				CLANG_WARN_RANGE_LOOP_ANALYSIS = YES;
				CLANG_WARN_STRICT_PROTOTYPES = YES;
				CLANG_WARN_SUSPICIOUS_MOVE = YES;
				CLANG_WARN_UNGUARDED_AVAILABILITY = YES_AGGRESSIVE;
				CLANG_WARN_UNREACHABLE_CODE = YES;
				CLANG_WARN__DUPLICATE_METHOD_MATCH = YES;
				CODE_SIGN_IDENTITY = "iPhone Developer";
				COPY_PHASE_STRIP = NO;
				DEBUG_INFORMATION_FORMAT = "dwarf-with-dsym";
				ENABLE_NS_ASSERTIONS = NO;
				ENABLE_STRICT_OBJC_MSGSEND = YES;
				GCC_C_LANGUAGE_STANDARD = gnu11;
				GCC_NO_COMMON_BLOCKS = YES;
				GCC_WARN_64_TO_32_BIT_CONVERSION = YES;
				GCC_WARN_ABOUT_RETURN_TYPE = YES_ERROR;
				GCC_WARN_UNDECLARED_SELECTOR = YES;
				GCC_WARN_UNINITIALIZED_AUTOS = YES_AGGRESSIVE;
				GCC_WARN_UNUSED_FUNCTION = YES;
				GCC_WARN_UNUSED_VARIABLE = YES;
				IPHONEOS_DEPLOYMENT_TARGET = 11.0;
				MTL_ENABLE_DEBUG_INFO = NO;
				SDKROOT = iphoneos;
				VALIDATE_PRODUCT = YES;
			};
			name = Release;
		};
		708DA1921F876CAA00ABB311 /* Debug */ = {
			isa = XCBuildConfiguration;
			buildSettings = {
				ASSETCATALOG_COMPILER_APPICON_NAME = AppIcon;
				CODE_SIGN_STYLE = Automatic;
				DEVELOPMENT_TEAM = F2VZNGB528;
				INFOPLIST_FILE = "ReusableSeparatedTextFields-ObjectiveC/Info.plist";
				LD_RUNPATH_SEARCH_PATHS = "$(inherited) @executable_path/Frameworks";
				PRODUCT_BUNDLE_IDENTIFIER = "com.myOrganization.ReusableSeparatedTextFields-ObjectiveC";
				PRODUCT_NAME = "$(TARGET_NAME)";
				TARGETED_DEVICE_FAMILY = "1,2";
			};
			name = Debug;
		};
		708DA1931F876CAA00ABB311 /* Release */ = {
			isa = XCBuildConfiguration;
			buildSettings = {
				ASSETCATALOG_COMPILER_APPICON_NAME = AppIcon;
				CODE_SIGN_STYLE = Automatic;
				DEVELOPMENT_TEAM = F2VZNGB528;
				INFOPLIST_FILE = "ReusableSeparatedTextFields-ObjectiveC/Info.plist";
				LD_RUNPATH_SEARCH_PATHS = "$(inherited) @executable_path/Frameworks";
				PRODUCT_BUNDLE_IDENTIFIER = "com.myOrganization.ReusableSeparatedTextFields-ObjectiveC";
				PRODUCT_NAME = "$(TARGET_NAME)";
				TARGETED_DEVICE_FAMILY = "1,2";
			};
			name = Release;
		};
/* End XCBuildConfiguration section */

/* Begin XCConfigurationList section */
		708DA1761F876CAA00ABB311 /* Build configuration list for PBXProject "ReusableSeparatedTextFields-ObjectiveC" */ = {
			isa = XCConfigurationList;
			buildConfigurations = (
				708DA18F1F876CAA00ABB311 /* Debug */,
				708DA1901F876CAA00ABB311 /* Release */,
			);
			defaultConfigurationIsVisible = 0;
			defaultConfigurationName = Release;
		};
		708DA1911F876CAA00ABB311 /* Build configuration list for PBXNativeTarget "ReusableSeparatedTextFields-ObjectiveC" */ = {
			isa = XCConfigurationList;
			buildConfigurations = (
				708DA1921F876CAA00ABB311 /* Debug */,
				708DA1931F876CAA00ABB311 /* Release */,
			);
			defaultConfigurationIsVisible = 0;
			defaultConfigurationName = Release;
		};
/* End XCConfigurationList section */
	};
	rootObject = 708DA1731F876CAA00ABB311 /* Project object */;
}
